// !$*UTF8*$!
{
	archiveVersion = 1;
	classes = {
	};
	objectVersion = 77;
	objects = {

/* Begin PBXBuildFile section */
		C26BFDDD2D75F24D009CD4A2 /* HourConversionItemView.swift in Sources */ = {isa = PBXBuildFile; fileRef = C26BFDDA2D75F24D009CD4A2 /* HourConversionItemView.swift */; };
		C26BFDDE2D75F24D009CD4A2 /* TimeConverterApp.swift in Sources */ = {isa = PBXBuildFile; fileRef = C26BFDDB2D75F24D009CD4A2 /* TimeConverterApp.swift */; };
		C26BFDDF2D75F24D009CD4A2 /* Preview Assets.xcassets in Resources */ = {isa = PBXBuildFile; fileRef = C26BFDD72D75F24D009CD4A2 /* Preview Assets.xcassets */; };
		C26BFDE02D75F24D009CD4A2 /* Assets.xcassets in Resources */ = {isa = PBXBuildFile; fileRef = C26BFDD92D75F24D009CD4A2 /* Assets.xcassets */; };
		C26BFDE72D75F2C9009CD4A2 /* HourConversionViewModel.swift in Sources */ = {isa = PBXBuildFile; fileRef = C26BFDE62D75F2C9009CD4A2 /* HourConversionViewModel.swift */; };
		C26BFDE92D75F2E4009CD4A2 /* HourConversion.swift in Sources */ = {isa = PBXBuildFile; fileRef = C26BFDE82D75F2E4009CD4A2 /* HourConversion.swift */; };
		C26BFDEB2D75F34D009CD4A2 /* HourConversionView.swift in Sources */ = {isa = PBXBuildFile; fileRef = C26BFDEA2D75F34D009CD4A2 /* HourConversionView.swift */; };
/* End PBXBuildFile section */

/* Begin PBXFileReference section */
		C26BFDC62D75F221009CD4A2 /* TimeConverter.app */ = {isa = PBXFileReference; explicitFileType = wrapper.application; includeInIndex = 0; path = TimeConverter.app; sourceTree = BUILT_PRODUCTS_DIR; };
		C26BFDD72D75F24D009CD4A2 /* Preview Assets.xcassets */ = {isa = PBXFileReference; lastKnownFileType = folder.assetcatalog; path = "Preview Assets.xcassets"; sourceTree = "<group>"; };
		C26BFDD92D75F24D009CD4A2 /* Assets.xcassets */ = {isa = PBXFileReference; lastKnownFileType = folder.assetcatalog; path = Assets.xcassets; sourceTree = "<group>"; };
		C26BFDDA2D75F24D009CD4A2 /* HourConversionItemView.swift */ = {isa = PBXFileReference; lastKnownFileType = sourcecode.swift; path = HourConversionItemView.swift; sourceTree = "<group>"; };
		C26BFDDB2D75F24D009CD4A2 /* TimeConverterApp.swift */ = {isa = PBXFileReference; lastKnownFileType = sourcecode.swift; path = TimeConverterApp.swift; sourceTree = "<group>"; };
		C26BFDE62D75F2C9009CD4A2 /* HourConversionViewModel.swift */ = {isa = PBXFileReference; lastKnownFileType = sourcecode.swift; path = HourConversionViewModel.swift; sourceTree = "<group>"; };
		C26BFDE82D75F2E4009CD4A2 /* HourConversion.swift */ = {isa = PBXFileReference; lastKnownFileType = sourcecode.swift; path = HourConversion.swift; sourceTree = "<group>"; };
		C26BFDEA2D75F34D009CD4A2 /* HourConversionView.swift */ = {isa = PBXFileReference; lastKnownFileType = sourcecode.swift; path = HourConversionView.swift; sourceTree = "<group>"; };
/* End PBXFileReference section */

/* Begin PBXFrameworksBuildPhase section */
		C26BFDC32D75F221009CD4A2 /* Frameworks */ = {
			isa = PBXFrameworksBuildPhase;
			buildActionMask = 2147483647;
			files = (
			);
			runOnlyForDeploymentPostprocessing = 0;
		};
/* End PBXFrameworksBuildPhase section */

/* Begin PBXGroup section */
		C26BFDBD2D75F221009CD4A2 = {
			isa = PBXGroup;
			children = (
				C26BFDDC2D75F24D009CD4A2 /* TimeConverter */,
				C26BFDC72D75F221009CD4A2 /* Products */,
			);
			sourceTree = "<group>";
		};
		C26BFDC72D75F221009CD4A2 /* Products */ = {
			isa = PBXGroup;
			children = (
				C26BFDC62D75F221009CD4A2 /* TimeConverter.app */,
			);
			name = Products;
			sourceTree = "<group>";
		};
		C26BFDD82D75F24D009CD4A2 /* Preview Content */ = {
			isa = PBXGroup;
			children = (
				C26BFDDB2D75F24D009CD4A2 /* TimeConverterApp.swift */,
				C26BFDD92D75F24D009CD4A2 /* Assets.xcassets */,
				C26BFDD72D75F24D009CD4A2 /* Preview Assets.xcassets */,
			);
			path = "Preview Content";
			sourceTree = "<group>";
		};
		C26BFDDC2D75F24D009CD4A2 /* TimeConverter */ = {
			isa = PBXGroup;
			children = (
				C26BFDE32D75F25A009CD4A2 /* Models */,
				C26BFDE22D75F256009CD4A2 /* ViewModels */,
				C26BFDE12D75F252009CD4A2 /* Views */,
				C26BFDD82D75F24D009CD4A2 /* Preview Content */,
			);
			path = TimeConverter;
			sourceTree = "<group>";
		};
		C26BFDE12D75F252009CD4A2 /* Views */ = {
			isa = PBXGroup;
			children = (
				C26BFDEA2D75F34D009CD4A2 /* HourConversionView.swift */,
				C26BFDDA2D75F24D009CD4A2 /* HourConversionItemView.swift */,
			);
			path = Views;
			sourceTree = "<group>";
		};
		C26BFDE22D75F256009CD4A2 /* ViewModels */ = {
			isa = PBXGroup;
			children = (
				C26BFDE62D75F2C9009CD4A2 /* HourConversionViewModel.swift */,
			);
			path = ViewModels;
			sourceTree = "<group>";
		};
		C26BFDE32D75F25A009CD4A2 /* Models */ = {
			isa = PBXGroup;
			children = (
				C26BFDE82D75F2E4009CD4A2 /* HourConversion.swift */,
			);
			path = Models;
			sourceTree = "<group>";
		};
/* End PBXGroup section */

/* Begin PBXNativeTarget section */
		C26BFDC52D75F221009CD4A2 /* TimeConverter */ = {
			isa = PBXNativeTarget;
			buildConfigurationList = C26BFDD42D75F224009CD4A2 /* Build configuration list for PBXNativeTarget "TimeConverter" */;
			buildPhases = (
				C26BFDC22D75F221009CD4A2 /* Sources */,
				C26BFDC32D75F221009CD4A2 /* Frameworks */,
				C26BFDC42D75F221009CD4A2 /* Resources */,
			);
			buildRules = (
			);
			dependencies = (
			);
			name = TimeConverter;
			packageProductDependencies = (
			);
			productName = TimeConverter;
			productReference = C26BFDC62D75F221009CD4A2 /* TimeConverter.app */;
			productType = "com.apple.product-type.application";
		};
/* End PBXNativeTarget section */

/* Begin PBXProject section */
		C26BFDBE2D75F221009CD4A2 /* Project object */ = {
			isa = PBXProject;
			attributes = {
				BuildIndependentTargetsInParallel = 1;
				LastSwiftUpdateCheck = 1600;
				LastUpgradeCheck = 1600;
				TargetAttributes = {
					C26BFDC52D75F221009CD4A2 = {
						CreatedOnToolsVersion = 16.0;
					};
				};
			};
			buildConfigurationList = C26BFDC12D75F221009CD4A2 /* Build configuration list for PBXProject "TimeConverter" */;
			developmentRegion = en;
			hasScannedForEncodings = 0;
			knownRegions = (
				en,
				Base,
			);
			mainGroup = C26BFDBD2D75F221009CD4A2;
			minimizedProjectReferenceProxies = 1;
			preferredProjectObjectVersion = 77;
			productRefGroup = C26BFDC72D75F221009CD4A2 /* Products */;
			projectDirPath = "";
			projectRoot = "";
			targets = (
				C26BFDC52D75F221009CD4A2 /* TimeConverter */,
			);
		};
/* End PBXProject section */

/* Begin PBXResourcesBuildPhase section */
		C26BFDC42D75F221009CD4A2 /* Resources */ = {
			isa = PBXResourcesBuildPhase;
			buildActionMask = 2147483647;
			files = (
				C26BFDDF2D75F24D009CD4A2 /* Preview Assets.xcassets in Resources */,
				C26BFDE02D75F24D009CD4A2 /* Assets.xcassets in Resources */,
			);
			runOnlyForDeploymentPostprocessing = 0;
		};
/* End PBXResourcesBuildPhase section */

/* Begin PBXSourcesBuildPhase section */
		C26BFDC22D75F221009CD4A2 /* Sources */ = {
			isa = PBXSourcesBuildPhase;
			buildActionMask = 2147483647;
			files = (
				C26BFDE72D75F2C9009CD4A2 /* HourConversionViewModel.swift in Sources */,
				C26BFDE92D75F2E4009CD4A2 /* HourConversion.swift in Sources */,
				C26BFDDD2D75F24D009CD4A2 /* HourConversionItemView.swift in Sources */,
				C26BFDEB2D75F34D009CD4A2 /* HourConversionView.swift in Sources */,
				C26BFDDE2D75F24D009CD4A2 /* TimeConverterApp.swift in Sources */,
			);
			runOnlyForDeploymentPostprocessing = 0;
		};
/* End PBXSourcesBuildPhase section */

/* Begin XCBuildConfiguration section */
		C26BFDD22D75F224009CD4A2 /* Debug */ = {
			isa = XCBuildConfiguration;
			buildSettings = {
				ALWAYS_SEARCH_USER_PATHS = NO;
				ASSETCATALOG_COMPILER_GENERATE_SWIFT_ASSET_SYMBOL_EXTENSIONS = YES;
				CLANG_ANALYZER_NONNULL = YES;
				CLANG_ANALYZER_NUMBER_OBJECT_CONVERSION = YES_AGGRESSIVE;
				CLANG_CXX_LANGUAGE_STANDARD = "gnu++20";
				CLANG_ENABLE_MODULES = YES;
				CLANG_ENABLE_OBJC_ARC = YES;
				CLANG_ENABLE_OBJC_WEAK = YES;
				CLANG_WARN_BLOCK_CAPTURE_AUTORELEASING = YES;
				CLANG_WARN_BOOL_CONVERSION = YES;
				CLANG_WARN_COMMA = YES;
				CLANG_WARN_CONSTANT_CONVERSION = YES;
				CLANG_WARN_DEPRECATED_OBJC_IMPLEMENTATIONS = YES;
				CLANG_WARN_DIRECT_OBJC_ISA_USAGE = YES_ERROR;
				CLANG_WARN_DOCUMENTATION_COMMENTS = YES;
				CLANG_WARN_EMPTY_BODY = YES;
				CLANG_WARN_ENUM_CONVERSION = YES;
				CLANG_WARN_INFINITE_RECURSION = YES;
				CLANG_WARN_INT_CONVERSION = YES;
				CLANG_WARN_NON_LITERAL_NULL_CONVERSION = YES;
				CLANG_WARN_OBJC_IMPLICIT_RETAIN_SELF = YES;
				CLANG_WARN_OBJC_LITERAL_CONVERSION = YES;
				CLANG_WARN_OBJC_ROOT_CLASS = YES_ERROR;
				CLANG_WARN_QUOTED_INCLUDE_IN_FRAMEWORK_HEADER = YES;
				CLANG_WARN_RANGE_LOOP_ANALYSIS = YES;
				CLANG_WARN_STRICT_PROTOTYPES = YES;
				CLANG_WARN_SUSPICIOUS_MOVE = YES;
				CLANG_WARN_UNGUARDED_AVAILABILITY = YES_AGGRESSIVE;
				CLANG_WARN_UNREACHABLE_CODE = YES;
				CLANG_WARN__DUPLICATE_METHOD_MATCH = YES;
				COPY_PHASE_STRIP = NO;
				DEBUG_INFORMATION_FORMAT = dwarf;
				ENABLE_STRICT_OBJC_MSGSEND = YES;
				ENABLE_TESTABILITY = YES;
				ENABLE_USER_SCRIPT_SANDBOXING = YES;
				GCC_C_LANGUAGE_STANDARD = gnu17;
				GCC_DYNAMIC_NO_PIC = NO;
				GCC_NO_COMMON_BLOCKS = YES;
				GCC_OPTIMIZATION_LEVEL = 0;
				GCC_PREPROCESSOR_DEFINITIONS = (
					"DEBUG=1",
					"$(inherited)",
				);
				GCC_WARN_64_TO_32_BIT_CONVERSION = YES;
				GCC_WARN_ABOUT_RETURN_TYPE = YES_ERROR;
				GCC_WARN_UNDECLARED_SELECTOR = YES;
				GCC_WARN_UNINITIALIZED_AUTOS = YES_AGGRESSIVE;
				GCC_WARN_UNUSED_FUNCTION = YES;
				GCC_WARN_UNUSED_VARIABLE = YES;
				IPHONEOS_DEPLOYMENT_TARGET = 18.0;
				LOCALIZATION_PREFERS_STRING_CATALOGS = YES;
				MTL_ENABLE_DEBUG_INFO = INCLUDE_SOURCE;
				MTL_FAST_MATH = YES;
				ONLY_ACTIVE_ARCH = YES;
				SDKROOT = iphoneos;
				SWIFT_ACTIVE_COMPILATION_CONDITIONS = "DEBUG $(inherited)";
				SWIFT_OPTIMIZATION_LEVEL = "-Onone";
			};
			name = Debug;
		};
		C26BFDD32D75F224009CD4A2 /* Release */ = {
			isa = XCBuildConfiguration;
			buildSettings = {
				ALWAYS_SEARCH_USER_PATHS = NO;
				ASSETCATALOG_COMPILER_GENERATE_SWIFT_ASSET_SYMBOL_EXTENSIONS = YES;
				CLANG_ANALYZER_NONNULL = YES;
				CLANG_ANALYZER_NUMBER_OBJECT_CONVERSION = YES_AGGRESSIVE;
				CLANG_CXX_LANGUAGE_STANDARD = "gnu++20";
				CLANG_ENABLE_MODULES = YES;
				CLANG_ENABLE_OBJC_ARC = YES;
				CLANG_ENABLE_OBJC_WEAK = YES;
				CLANG_WARN_BLOCK_CAPTURE_AUTORELEASING = YES;
				CLANG_WARN_BOOL_CONVERSION = YES;
				CLANG_WARN_COMMA = YES;
				CLANG_WARN_CONSTANT_CONVERSION = YES;
				CLANG_WARN_DEPRECATED_OBJC_IMPLEMENTATIONS = YES;
				CLANG_WARN_DIRECT_OBJC_ISA_USAGE = YES_ERROR;
				CLANG_WARN_DOCUMENTATION_COMMENTS = YES;
				CLANG_WARN_EMPTY_BODY = YES;
				CLANG_WARN_ENUM_CONVERSION = YES;
				CLANG_WARN_INFINITE_RECURSION = YES;
				CLANG_WARN_INT_CONVERSION = YES;
				CLANG_WARN_NON_LITERAL_NULL_CONVERSION = YES;
				CLANG_WARN_OBJC_IMPLICIT_RETAIN_SELF = YES;
				CLANG_WARN_OBJC_LITERAL_CONVERSION = YES;
				CLANG_WARN_OBJC_ROOT_CLASS = YES_ERROR;
				CLANG_WARN_QUOTED_INCLUDE_IN_FRAMEWORK_HEADER = YES;
				CLANG_WARN_RANGE_LOOP_ANALYSIS = YES;
				CLANG_WARN_STRICT_PROTOTYPES = YES;
				CLANG_WARN_SUSPICIOUS_MOVE = YES;
				CLANG_WARN_UNGUARDED_AVAILABILITY = YES_AGGRESSIVE;
				CLANG_WARN_UNREACHABLE_CODE = YES;
				CLANG_WARN__DUPLICATE_METHOD_MATCH = YES;
				COPY_PHASE_STRIP = NO;
				DEBUG_INFORMATION_FORMAT = "dwarf-with-dsym";
				ENABLE_NS_ASSERTIONS = NO;
				ENABLE_STRICT_OBJC_MSGSEND = YES;
				ENABLE_USER_SCRIPT_SANDBOXING = YES;
				GCC_C_LANGUAGE_STANDARD = gnu17;
				GCC_NO_COMMON_BLOCKS = YES;
				GCC_WARN_64_TO_32_BIT_CONVERSION = YES;
				GCC_WARN_ABOUT_RETURN_TYPE = YES_ERROR;
				GCC_WARN_UNDECLARED_SELECTOR = YES;
				GCC_WARN_UNINITIALIZED_AUTOS = YES_AGGRESSIVE;
				GCC_WARN_UNUSED_FUNCTION = YES;
				GCC_WARN_UNUSED_VARIABLE = YES;
				IPHONEOS_DEPLOYMENT_TARGET = 18.0;
				LOCALIZATION_PREFERS_STRING_CATALOGS = YES;
				MTL_ENABLE_DEBUG_INFO = NO;
				MTL_FAST_MATH = YES;
				SDKROOT = iphoneos;
				SWIFT_COMPILATION_MODE = wholemodule;
				VALIDATE_PRODUCT = YES;
			};
			name = Release;
		};
		C26BFDD52D75F224009CD4A2 /* Debug */ = {
			isa = XCBuildConfiguration;
			buildSettings = {
				ASSETCATALOG_COMPILER_APPICON_NAME = AppIcon;
				ASSETCATALOG_COMPILER_GLOBAL_ACCENT_COLOR_NAME = AccentColor;
				CODE_SIGN_STYLE = Automatic;
				CURRENT_PROJECT_VERSION = 1;
				DEVELOPMENT_ASSET_PATHS = "\"TimeConverter/Preview Content\"";
				DEVELOPMENT_TEAM = 4UG443984D;
				ENABLE_PREVIEWS = YES;
				GENERATE_INFOPLIST_FILE = YES;
				INFOPLIST_KEY_UIApplicationSceneManifest_Generation = YES;
				INFOPLIST_KEY_UIApplicationSupportsIndirectInputEvents = YES;
				INFOPLIST_KEY_UILaunchScreen_Generation = YES;
				INFOPLIST_KEY_UISupportedInterfaceOrientations_iPad = "UIInterfaceOrientationPortrait UIInterfaceOrientationPortraitUpsideDown UIInterfaceOrientationLandscapeLeft UIInterfaceOrientationLandscapeRight";
				INFOPLIST_KEY_UISupportedInterfaceOrientations_iPhone = "UIInterfaceOrientationPortrait UIInterfaceOrientationLandscapeLeft UIInterfaceOrientationLandscapeRight";
				LD_RUNPATH_SEARCH_PATHS = (
					"$(inherited)",
					"@executable_path/Frameworks",
				);
				MARKETING_VERSION = 1.0;
				PRODUCT_BUNDLE_IDENTIFIER = ca.nicholashwang.TimeConverter;
				PRODUCT_NAME = "$(TARGET_NAME)";
				SWIFT_EMIT_LOC_STRINGS = YES;
				SWIFT_VERSION = 5.0;
				TARGETED_DEVICE_FAMILY = "1,2";
			};
			name = Debug;
		};
		C26BFDD62D75F224009CD4A2 /* Release */ = {
			isa = XCBuildConfiguration;
			buildSettings = {
				ASSETCATALOG_COMPILER_APPICON_NAME = AppIcon;
				ASSETCATALOG_COMPILER_GLOBAL_ACCENT_COLOR_NAME = AccentColor;
				CODE_SIGN_STYLE = Automatic;
				CURRENT_PROJECT_VERSION = 1;
				DEVELOPMENT_ASSET_PATHS = "\"TimeConverter/Preview Content\"";
				DEVELOPMENT_TEAM = 4UG443984D;
				ENABLE_PREVIEWS = YES;
				GENERATE_INFOPLIST_FILE = YES;
				INFOPLIST_KEY_UIApplicationSceneManifest_Generation = YES;
				INFOPLIST_KEY_UIApplicationSupportsIndirectInputEvents = YES;
				INFOPLIST_KEY_UILaunchScreen_Generation = YES;
				INFOPLIST_KEY_UISupportedInterfaceOrientations_iPad = "UIInterfaceOrientationPortrait UIInterfaceOrientationPortraitUpsideDown UIInterfaceOrientationLandscapeLeft UIInterfaceOrientationLandscapeRight";
				INFOPLIST_KEY_UISupportedInterfaceOrientations_iPhone = "UIInterfaceOrientationPortrait UIInterfaceOrientationLandscapeLeft UIInterfaceOrientationLandscapeRight";
				LD_RUNPATH_SEARCH_PATHS = (
					"$(inherited)",
					"@executable_path/Frameworks",
				);
				MARKETING_VERSION = 1.0;
				PRODUCT_BUNDLE_IDENTIFIER = ca.nicholashwang.TimeConverter;
				PRODUCT_NAME = "$(TARGET_NAME)";
				SWIFT_EMIT_LOC_STRINGS = YES;
				SWIFT_VERSION = 5.0;
				TARGETED_DEVICE_FAMILY = "1,2";
			};
			name = Release;
		};
/* End XCBuildConfiguration section */

/* Begin XCConfigurationList section */
		C26BFDC12D75F221009CD4A2 /* Build configuration list for PBXProject "TimeConverter" */ = {
			isa = XCConfigurationList;
			buildConfigurations = (
				C26BFDD22D75F224009CD4A2 /* Debug */,
				C26BFDD32D75F224009CD4A2 /* Release */,
			);
			defaultConfigurationIsVisible = 0;
			defaultConfigurationName = Release;
		};
		C26BFDD42D75F224009CD4A2 /* Build configuration list for PBXNativeTarget "TimeConverter" */ = {
			isa = XCConfigurationList;
			buildConfigurations = (
				C26BFDD52D75F224009CD4A2 /* Debug */,
				C26BFDD62D75F224009CD4A2 /* Release */,
			);
			defaultConfigurationIsVisible = 0;
			defaultConfigurationName = Release;
		};
/* End XCConfigurationList section */
	};
	rootObject = C26BFDBE2D75F221009CD4A2 /* Project object */;
}
